
Microsoft Visual Studio Solution File, Format Version 12.00
# Visual Studio 15
VisualStudioVersion = 15.0.28307.539
MinimumVisualStudioVersion = 10.0.40219.1
Project("{FAE04EC0-301F-11D3-BF4B-00C04F79EFBC}") = "ItsAGun", "ItsAGun\ItsAGun.csproj", "{0738F9A3-00E5-414F-BE12-F2273A8FB057}"
EndProject
Global
	GlobalSection(SolutionConfigurationPlatforms) = preSolution
		Debug|Any CPU = Debug|Any CPU
		Release|Any CPU = Release|Any CPU
	EndGlobalSection
	GlobalSection(ProjectConfigurationPlatforms) = postSolution
		{0738F9A3-00E5-414F-BE12-F2273A8FB057}.Debug|Any CPU.ActiveCfg = Debug|Any CPU
		{0738F9A3-00E5-414F-BE12-F2273A8FB057}.Debug|Any CPU.Build.0 = Debug|Any CPU
		{0738F9A3-00E5-414F-BE12-F2273A8FB057}.Release|Any CPU.ActiveCfg = Release|Any CPU
		{0738F9A3-00E5-414F-BE12-F2273A8FB057}.Release|Any CPU.Build.0 = Release|Any CPU
	EndGlobalSection
	GlobalSection(SolutionProperties) = preSolution
		HideSolutionNode = FALSE
	EndGlobalSection
	GlobalSection(ExtensibilityGlobals) = postSolution
		SolutionGuid = {4A233462-0146-4705-BF8E-77E945D1FB33}
	EndGlobalSection
EndGlobal
